
Microsoft Visual Studio Solution File, Format Version 12.00
# Visual Studio Version 17
VisualStudioVersion = 17.10.35122.118
MinimumVisualStudioVersion = 10.0.40219.1
Project("{9A19103F-16F7-4668-BE54-9A1E7A4F7556}") = "Fundamentos", "Fundamentos\Fundamentos.csproj", "{01AA9AB6-A59F-48A4-B7FE-DE3A1632C91E}"
EndProject
Project("{9A19103F-16F7-4668-BE54-9A1E7A4F7556}") = "BookStore", "BookStore\BookStore.csproj", "{099BB2DB-5A5C-429A-BD62-4BFE169827A0}"
EndProject
Project("{2150E333-8FDC-42A3-9474-1A3956D46DE8}") = "TaskManager", "TaskManager", "{5ACCC2AE-DF99-44B5-8D4A-A99C7EE7D82D}"
EndProject
Project("{9A19103F-16F7-4668-BE54-9A1E7A4F7556}") = "TaskManager.API", "TaskManager\TaskManager.API\TaskManager.API.csproj", "{2FE2CE1D-4163-4C3D-A5CB-6FB0647BCC30}"
EndProject
Project("{9A19103F-16F7-4668-BE54-9A1E7A4F7556}") = "TaskManager.Application", "TaskManager\TaskManager.Application\TaskManager.Application.csproj", "{CF0E1B0E-8B0E-49EC-92D2-68154ECAFB8C}"
EndProject
Project("{9A19103F-16F7-4668-BE54-9A1E7A4F7556}") = "TaskManager.Comunication", "TaskManager\TaskManager.Comunication\TaskManager.Comunication.csproj", "{B21DD06F-A6E1-4BA8-B653-A65C06D1D8D3}"
EndProject
Project("{2150E333-8FDC-42A3-9474-1A3956D46DE8}") = "CashFlow", "CashFlow", "{79AC77BB-9559-4893-93A9-51922B775086}"
EndProject
Project("{2150E333-8FDC-42A3-9474-1A3956D46DE8}") = "src", "src", "{D8E77063-A36D-4698-84BB-58151B0D2F7A}"
EndProject
Project("{2150E333-8FDC-42A3-9474-1A3956D46DE8}") = "test", "test", "{563B3875-29EA-46F6-A015-31DA9B6F294B}"
EndProject
Project("{9A19103F-16F7-4668-BE54-9A1E7A4F7556}") = "CashFlow.Api", "CashFlow\src\CashFlow.API\CashFlow.Api.csproj", "{01B014CE-B60B-4518-BCEF-5C55ABD44E17}"
EndProject
Project("{9A19103F-16F7-4668-BE54-9A1E7A4F7556}") = "CashFlow.Domain", "CashFlow\src\CashFlow.Domain\CashFlow.Domain.csproj", "{C22AE38A-0B25-42C8-944C-3E42CCB7FE11}"
EndProject
Project("{9A19103F-16F7-4668-BE54-9A1E7A4F7556}") = "CashFlow.Application", "CashFlow\src\CashFlow.Application\CashFlow.Application.csproj", "{752F36B4-3164-4FFC-80F3-28A43DE949A7}"
EndProject
Project("{9A19103F-16F7-4668-BE54-9A1E7A4F7556}") = "CashFlow.Communication", "CashFlow\src\CashFlow.Communication\CashFlow.Communication.csproj", "{D4FDFF5E-DB4E-4E83-AF6E-2C82B972FCA8}"
EndProject
Project("{9A19103F-16F7-4668-BE54-9A1E7A4F7556}") = "CashFlow.Exception", "CashFlow\src\CashFlow.Exception\CashFlow.Exception.csproj", "{54EF7E1E-8985-4882-86A9-0DDB96565CB5}"
EndProject
Project("{9A19103F-16F7-4668-BE54-9A1E7A4F7556}") = "CashFlow.Infrastructure", "CashFlow\src\CashFlow.Infrastructure\CashFlow.Infrastructure.csproj", "{57E20A85-506E-4875-A53C-EA41FCE93B73}"
EndProject
Project("{9A19103F-16F7-4668-BE54-9A1E7A4F7556}") = "CashFlow.Test.Utils", "CashFlow\test\CashFlow.Test.Utils\CashFlow.Test.Utils.csproj", "{E41A20F2-902B-430A-AFC4-270114121455}"
EndProject
Project("{9A19103F-16F7-4668-BE54-9A1E7A4F7556}") = "CashFlow.Test.Validators", "CashFlow\test\CashFlow.Test.Validators\CashFlow.Test.Validators.csproj", "{362BF0BC-0E24-43EC-8ACF-2A651D1BE7C1}"
EndProject
Global
	GlobalSection(SolutionConfigurationPlatforms) = preSolution
		Debug|Any CPU = Debug|Any CPU
		Release|Any CPU = Release|Any CPU
	EndGlobalSection
	GlobalSection(ProjectConfigurationPlatforms) = postSolution
		{01AA9AB6-A59F-48A4-B7FE-DE3A1632C91E}.Debug|Any CPU.ActiveCfg = Debug|Any CPU
		{01AA9AB6-A59F-48A4-B7FE-DE3A1632C91E}.Debug|Any CPU.Build.0 = Debug|Any CPU
		{01AA9AB6-A59F-48A4-B7FE-DE3A1632C91E}.Release|Any CPU.ActiveCfg = Release|Any CPU
		{01AA9AB6-A59F-48A4-B7FE-DE3A1632C91E}.Release|Any CPU.Build.0 = Release|Any CPU
		{099BB2DB-5A5C-429A-BD62-4BFE169827A0}.Debug|Any CPU.ActiveCfg = Debug|Any CPU
		{099BB2DB-5A5C-429A-BD62-4BFE169827A0}.Debug|Any CPU.Build.0 = Debug|Any CPU
		{099BB2DB-5A5C-429A-BD62-4BFE169827A0}.Release|Any CPU.ActiveCfg = Release|Any CPU
		{099BB2DB-5A5C-429A-BD62-4BFE169827A0}.Release|Any CPU.Build.0 = Release|Any CPU
		{2FE2CE1D-4163-4C3D-A5CB-6FB0647BCC30}.Debug|Any CPU.ActiveCfg = Debug|Any CPU
		{2FE2CE1D-4163-4C3D-A5CB-6FB0647BCC30}.Debug|Any CPU.Build.0 = Debug|Any CPU
		{2FE2CE1D-4163-4C3D-A5CB-6FB0647BCC30}.Release|Any CPU.ActiveCfg = Release|Any CPU
		{2FE2CE1D-4163-4C3D-A5CB-6FB0647BCC30}.Release|Any CPU.Build.0 = Release|Any CPU
		{CF0E1B0E-8B0E-49EC-92D2-68154ECAFB8C}.Debug|Any CPU.ActiveCfg = Debug|Any CPU
		{CF0E1B0E-8B0E-49EC-92D2-68154ECAFB8C}.Debug|Any CPU.Build.0 = Debug|Any CPU
		{CF0E1B0E-8B0E-49EC-92D2-68154ECAFB8C}.Release|Any CPU.ActiveCfg = Release|Any CPU
		{CF0E1B0E-8B0E-49EC-92D2-68154ECAFB8C}.Release|Any CPU.Build.0 = Release|Any CPU
		{B21DD06F-A6E1-4BA8-B653-A65C06D1D8D3}.Debug|Any CPU.ActiveCfg = Debug|Any CPU
		{B21DD06F-A6E1-4BA8-B653-A65C06D1D8D3}.Debug|Any CPU.Build.0 = Debug|Any CPU
		{B21DD06F-A6E1-4BA8-B653-A65C06D1D8D3}.Release|Any CPU.ActiveCfg = Release|Any CPU
		{B21DD06F-A6E1-4BA8-B653-A65C06D1D8D3}.Release|Any CPU.Build.0 = Release|Any CPU
		{01B014CE-B60B-4518-BCEF-5C55ABD44E17}.Debug|Any CPU.ActiveCfg = Debug|Any CPU
		{01B014CE-B60B-4518-BCEF-5C55ABD44E17}.Debug|Any CPU.Build.0 = Debug|Any CPU
		{01B014CE-B60B-4518-BCEF-5C55ABD44E17}.Release|Any CPU.ActiveCfg = Release|Any CPU
		{01B014CE-B60B-4518-BCEF-5C55ABD44E17}.Release|Any CPU.Build.0 = Release|Any CPU
		{C22AE38A-0B25-42C8-944C-3E42CCB7FE11}.Debug|Any CPU.ActiveCfg = Debug|Any CPU
		{C22AE38A-0B25-42C8-944C-3E42CCB7FE11}.Debug|Any CPU.Build.0 = Debug|Any CPU
		{C22AE38A-0B25-42C8-944C-3E42CCB7FE11}.Release|Any CPU.ActiveCfg = Release|Any CPU
		{C22AE38A-0B25-42C8-944C-3E42CCB7FE11}.Release|Any CPU.Build.0 = Release|Any CPU
		{752F36B4-3164-4FFC-80F3-28A43DE949A7}.Debug|Any CPU.ActiveCfg = Debug|Any CPU
		{752F36B4-3164-4FFC-80F3-28A43DE949A7}.Debug|Any CPU.Build.0 = Debug|Any CPU
		{752F36B4-3164-4FFC-80F3-28A43DE949A7}.Release|Any CPU.ActiveCfg = Release|Any CPU
		{752F36B4-3164-4FFC-80F3-28A43DE949A7}.Release|Any CPU.Build.0 = Release|Any CPU
		{D4FDFF5E-DB4E-4E83-AF6E-2C82B972FCA8}.Debug|Any CPU.ActiveCfg = Debug|Any CPU
		{D4FDFF5E-DB4E-4E83-AF6E-2C82B972FCA8}.Debug|Any CPU.Build.0 = Debug|Any CPU
		{D4FDFF5E-DB4E-4E83-AF6E-2C82B972FCA8}.Release|Any CPU.ActiveCfg = Release|Any CPU
		{D4FDFF5E-DB4E-4E83-AF6E-2C82B972FCA8}.Release|Any CPU.Build.0 = Release|Any CPU
		{54EF7E1E-8985-4882-86A9-0DDB96565CB5}.Debug|Any CPU.ActiveCfg = Debug|Any CPU
		{54EF7E1E-8985-4882-86A9-0DDB96565CB5}.Debug|Any CPU.Build.0 = Debug|Any CPU
		{54EF7E1E-8985-4882-86A9-0DDB96565CB5}.Release|Any CPU.ActiveCfg = Release|Any CPU
		{54EF7E1E-8985-4882-86A9-0DDB96565CB5}.Release|Any CPU.Build.0 = Release|Any CPU
		{57E20A85-506E-4875-A53C-EA41FCE93B73}.Debug|Any CPU.ActiveCfg = Debug|Any CPU
		{57E20A85-506E-4875-A53C-EA41FCE93B73}.Debug|Any CPU.Build.0 = Debug|Any CPU
		{57E20A85-506E-4875-A53C-EA41FCE93B73}.Release|Any CPU.ActiveCfg = Release|Any CPU
		{57E20A85-506E-4875-A53C-EA41FCE93B73}.Release|Any CPU.Build.0 = Release|Any CPU
		{E41A20F2-902B-430A-AFC4-270114121455}.Debug|Any CPU.ActiveCfg = Debug|Any CPU
		{E41A20F2-902B-430A-AFC4-270114121455}.Debug|Any CPU.Build.0 = Debug|Any CPU
		{E41A20F2-902B-430A-AFC4-270114121455}.Release|Any CPU.ActiveCfg = Release|Any CPU
		{E41A20F2-902B-430A-AFC4-270114121455}.Release|Any CPU.Build.0 = Release|Any CPU
		{362BF0BC-0E24-43EC-8ACF-2A651D1BE7C1}.Debug|Any CPU.ActiveCfg = Debug|Any CPU
		{362BF0BC-0E24-43EC-8ACF-2A651D1BE7C1}.Debug|Any CPU.Build.0 = Debug|Any CPU
		{362BF0BC-0E24-43EC-8ACF-2A651D1BE7C1}.Release|Any CPU.ActiveCfg = Release|Any CPU
		{362BF0BC-0E24-43EC-8ACF-2A651D1BE7C1}.Release|Any CPU.Build.0 = Release|Any CPU
	EndGlobalSection
	GlobalSection(SolutionProperties) = preSolution
		HideSolutionNode = FALSE
	EndGlobalSection
	GlobalSection(NestedProjects) = preSolution
		{2FE2CE1D-4163-4C3D-A5CB-6FB0647BCC30} = {5ACCC2AE-DF99-44B5-8D4A-A99C7EE7D82D}
		{CF0E1B0E-8B0E-49EC-92D2-68154ECAFB8C} = {5ACCC2AE-DF99-44B5-8D4A-A99C7EE7D82D}
		{B21DD06F-A6E1-4BA8-B653-A65C06D1D8D3} = {5ACCC2AE-DF99-44B5-8D4A-A99C7EE7D82D}
		{D8E77063-A36D-4698-84BB-58151B0D2F7A} = {79AC77BB-9559-4893-93A9-51922B775086}
		{563B3875-29EA-46F6-A015-31DA9B6F294B} = {79AC77BB-9559-4893-93A9-51922B775086}
		{01B014CE-B60B-4518-BCEF-5C55ABD44E17} = {D8E77063-A36D-4698-84BB-58151B0D2F7A}
		{C22AE38A-0B25-42C8-944C-3E42CCB7FE11} = {D8E77063-A36D-4698-84BB-58151B0D2F7A}
		{752F36B4-3164-4FFC-80F3-28A43DE949A7} = {D8E77063-A36D-4698-84BB-58151B0D2F7A}
		{D4FDFF5E-DB4E-4E83-AF6E-2C82B972FCA8} = {D8E77063-A36D-4698-84BB-58151B0D2F7A}
		{54EF7E1E-8985-4882-86A9-0DDB96565CB5} = {D8E77063-A36D-4698-84BB-58151B0D2F7A}
		{57E20A85-506E-4875-A53C-EA41FCE93B73} = {D8E77063-A36D-4698-84BB-58151B0D2F7A}
		{E41A20F2-902B-430A-AFC4-270114121455} = {563B3875-29EA-46F6-A015-31DA9B6F294B}
		{362BF0BC-0E24-43EC-8ACF-2A651D1BE7C1} = {563B3875-29EA-46F6-A015-31DA9B6F294B}
	EndGlobalSection
	GlobalSection(ExtensibilityGlobals) = postSolution
		SolutionGuid = {03636A74-9668-498C-912F-5EB9E205F562}
	EndGlobalSection
EndGlobal
